// !$*UTF8*$!
{
	archiveVersion = 1;
	classes = {
	};
	objectVersion = 56;
	objects = {

/* Begin PBXBuildFile section */
		5215E9382A3F195600498CF3 /* Splash.storyboard in Resources */ = {isa = PBXBuildFile; fileRef = 5215E9372A3F195600498CF3 /* Splash.storyboard */; };
		5215E93B2A3F19E800498CF3 /* LaunchViewController.swift in Sources */ = {isa = PBXBuildFile; fileRef = 5215E93A2A3F19E800498CF3 /* LaunchViewController.swift */; };
		5215E93D2A3F1A4500498CF3 /* logoAnimation.gif in Resources */ = {isa = PBXBuildFile; fileRef = 5215E93C2A3F1A4500498CF3 /* logoAnimation.gif */; };
		5215E9402A3F1AE800498CF3 /* SwiftyGif in Frameworks */ = {isa = PBXBuildFile; productRef = 5215E93F2A3F1AE800498CF3 /* SwiftyGif */; };
		5215E9422A3F1B1600498CF3 /* UIView+Constraints.swift in Sources */ = {isa = PBXBuildFile; fileRef = 5215E9412A3F1B1600498CF3 /* UIView+Constraints.swift */; };
		5215E9442A3F1B2F00498CF3 /* LogoAnimationView.swift in Sources */ = {isa = PBXBuildFile; fileRef = 5215E9432A3F1B2F00498CF3 /* LogoAnimationView.swift */; };
		7F2AF72D2A2EF4EE00E8D2A1 /* AppDelegate.swift in Sources */ = {isa = PBXBuildFile; fileRef = 7F2AF72C2A2EF4EE00E8D2A1 /* AppDelegate.swift */; };
		7F2AF72F2A2EF4EE00E8D2A1 /* SceneDelegate.swift in Sources */ = {isa = PBXBuildFile; fileRef = 7F2AF72E2A2EF4EE00E8D2A1 /* SceneDelegate.swift */; };
		7F2AF7312A2EF4EE00E8D2A1 /* MainViewController.swift in Sources */ = {isa = PBXBuildFile; fileRef = 7F2AF7302A2EF4EE00E8D2A1 /* MainViewController.swift */; };
		7F2AF7342A2EF4EE00E8D2A1 /* Main.storyboard in Resources */ = {isa = PBXBuildFile; fileRef = 7F2AF7322A2EF4EE00E8D2A1 /* Main.storyboard */; };
		7F2AF7362A2EF4F100E8D2A1 /* Assets.xcassets in Resources */ = {isa = PBXBuildFile; fileRef = 7F2AF7352A2EF4F100E8D2A1 /* Assets.xcassets */; };
		7F2AF7392A2EF4F100E8D2A1 /* LaunchScreen.storyboard in Resources */ = {isa = PBXBuildFile; fileRef = 7F2AF7372A2EF4F100E8D2A1 /* LaunchScreen.storyboard */; };
		7F2AF7462A2EF6CE00E8D2A1 /* Alamofire in Frameworks */ = {isa = PBXBuildFile; productRef = 7F2AF7452A2EF6CE00E8D2A1 /* Alamofire */; };
		7F2AF74B2A2EF8E100E8D2A1 /* ShopData.swift in Sources */ = {isa = PBXBuildFile; fileRef = 7F2AF74A2A2EF8E100E8D2A1 /* ShopData.swift */; };
		7F2AF74D2A2EFC5B00E8D2A1 /* GenericAPIClient.swift in Sources */ = {isa = PBXBuildFile; fileRef = 7F2AF74C2A2EFC5B00E8D2A1 /* GenericAPIClient.swift */; };
		7F2AF74F2A2F081000E8D2A1 /* ShopDetail.storyboard in Resources */ = {isa = PBXBuildFile; fileRef = 7F2AF74E2A2F081000E8D2A1 /* ShopDetail.storyboard */; };
		7F2AF7512A2F083F00E8D2A1 /* ShopDetailViewController.swift in Sources */ = {isa = PBXBuildFile; fileRef = 7F2AF7502A2F083F00E8D2A1 /* ShopDetailViewController.swift */; };
		7F2AF7562A2F9ED200E8D2A1 /* ShopDetailTableViewCell.swift in Sources */ = {isa = PBXBuildFile; fileRef = 7F2AF7542A2F9ED200E8D2A1 /* ShopDetailTableViewCell.swift */; };
		7F2AF7572A2F9ED200E8D2A1 /* ShopDetailTableViewCell.xib in Resources */ = {isa = PBXBuildFile; fileRef = 7F2AF7552A2F9ED200E8D2A1 /* ShopDetailTableViewCell.xib */; };
		7F2AF7592A2FA29400E8D2A1 /* SearchShopResult.storyboard in Resources */ = {isa = PBXBuildFile; fileRef = 7F2AF7582A2FA29400E8D2A1 /* SearchShopResult.storyboard */; };
		7F2AF75B2A2FA2CB00E8D2A1 /* SearchShopResultViewController.swift in Sources */ = {isa = PBXBuildFile; fileRef = 7F2AF75A2A2FA2CB00E8D2A1 /* SearchShopResultViewController.swift */; };
		7F2AF75E2A2FA2FC00E8D2A1 /* SearchShopResultTableViewCell.swift in Sources */ = {isa = PBXBuildFile; fileRef = 7F2AF75C2A2FA2FC00E8D2A1 /* SearchShopResultTableViewCell.swift */; };
		7F2AF75F2A2FA2FC00E8D2A1 /* SearchShopResultTableViewCell.xib in Resources */ = {isa = PBXBuildFile; fileRef = 7F2AF75D2A2FA2FC00E8D2A1 /* SearchShopResultTableViewCell.xib */; };
		7F42FA442A347F22002B0B0A /* TabBarViewController.swift in Sources */ = {isa = PBXBuildFile; fileRef = 7F42FA432A347F22002B0B0A /* TabBarViewController.swift */; };
		7F42FA462A34FA2E002B0B0A /* Genre.storyboard in Resources */ = {isa = PBXBuildFile; fileRef = 7F42FA452A34FA2E002B0B0A /* Genre.storyboard */; };
		7F42FA482A34FA5B002B0B0A /* GenreViewController.swift in Sources */ = {isa = PBXBuildFile; fileRef = 7F42FA472A34FA5B002B0B0A /* GenreViewController.swift */; };
		7F42FA4B2A3509A1002B0B0A /* GenreTableViewCell.swift in Sources */ = {isa = PBXBuildFile; fileRef = 7F42FA492A3509A1002B0B0A /* GenreTableViewCell.swift */; };
		7F42FA4C2A3509A1002B0B0A /* GenreTableViewCell.xib in Resources */ = {isa = PBXBuildFile; fileRef = 7F42FA4A2A3509A1002B0B0A /* GenreTableViewCell.xib */; };
		7F42FA562A383946002B0B0A /* ProfileView.swift in Sources */ = {isa = PBXBuildFile; fileRef = 7F42FA552A383946002B0B0A /* ProfileView.swift */; };
		7F42FA592A383A9D002B0B0A /* ProfileViewController.swift in Sources */ = {isa = PBXBuildFile; fileRef = 7F42FA582A383A9D002B0B0A /* ProfileViewController.swift */; };
		7F4BEBBE2A30546500955A20 /* PopupImage.storyboard in Resources */ = {isa = PBXBuildFile; fileRef = 7F4BEBBD2A30546500955A20 /* PopupImage.storyboard */; };
		7F4BEBC02A3061C300955A20 /* PopupImageViewController.swift in Sources */ = {isa = PBXBuildFile; fileRef = 7F4BEBBF2A3061C300955A20 /* PopupImageViewController.swift */; };
		7F4BEBC72A31012200955A20 /* CommonExt.swift in Sources */ = {isa = PBXBuildFile; fileRef = 7F4BEBC62A31012200955A20 /* CommonExt.swift */; };
		7F4BEBCB2A31644000955A20 /* UIAlertController.swift in Sources */ = {isa = PBXBuildFile; fileRef = 7F4BEBCA2A31644000955A20 /* UIAlertController.swift */; };
		7F4BEC112A32F3DA00955A20 /* SearchShopViewController.swift in Sources */ = {isa = PBXBuildFile; fileRef = 7F4BEC102A32F3DA00955A20 /* SearchShopViewController.swift */; };
		7F4BEC152A33886600955A20 /* CustomAnnotation.swift in Sources */ = {isa = PBXBuildFile; fileRef = 7F4BEC142A33886500955A20 /* CustomAnnotation.swift */; };
		7F5F3F3E2A396053003108BB /* ProfileData.swift in Sources */ = {isa = PBXBuildFile; fileRef = 7F5F3F3D2A396053003108BB /* ProfileData.swift */; };
		7F5F3F432A39869E003108BB /* ImageCoverCollectionViewCell.swift in Sources */ = {isa = PBXBuildFile; fileRef = 7F5F3F412A39869E003108BB /* ImageCoverCollectionViewCell.swift */; };
		7F5F3F762A3ADCFA003108BB /* GenreData.swift in Sources */ = {isa = PBXBuildFile; fileRef = 7F5F3F752A3ADCFA003108BB /* GenreData.swift */; };
		7F5F3F782A3AFAE7003108BB /* ShopAreaData.swift in Sources */ = {isa = PBXBuildFile; fileRef = 7F5F3F772A3AFAE7003108BB /* ShopAreaData.swift */; };
/* End PBXBuildFile section */

/* Begin PBXFileReference section */
		5215E9372A3F195600498CF3 /* Splash.storyboard */ = {isa = PBXFileReference; lastKnownFileType = file.storyboard; path = Splash.storyboard; sourceTree = "<group>"; };
		5215E93A2A3F19E800498CF3 /* LaunchViewController.swift */ = {isa = PBXFileReference; lastKnownFileType = sourcecode.swift; path = LaunchViewController.swift; sourceTree = "<group>"; };
		5215E93C2A3F1A4500498CF3 /* logoAnimation.gif */ = {isa = PBXFileReference; lastKnownFileType = image.gif; path = logoAnimation.gif; sourceTree = "<group>"; };
		5215E9412A3F1B1600498CF3 /* UIView+Constraints.swift */ = {isa = PBXFileReference; lastKnownFileType = sourcecode.swift; path = "UIView+Constraints.swift"; sourceTree = "<group>"; };
		5215E9432A3F1B2F00498CF3 /* LogoAnimationView.swift */ = {isa = PBXFileReference; lastKnownFileType = sourcecode.swift; path = LogoAnimationView.swift; sourceTree = "<group>"; };
		7F2AF7292A2EF4EE00E8D2A1 /* RestaurantSearcher.app */ = {isa = PBXFileReference; explicitFileType = wrapper.application; includeInIndex = 0; path = RestaurantSearcher.app; sourceTree = BUILT_PRODUCTS_DIR; };
		7F2AF72C2A2EF4EE00E8D2A1 /* AppDelegate.swift */ = {isa = PBXFileReference; lastKnownFileType = sourcecode.swift; path = AppDelegate.swift; sourceTree = "<group>"; };
		7F2AF72E2A2EF4EE00E8D2A1 /* SceneDelegate.swift */ = {isa = PBXFileReference; lastKnownFileType = sourcecode.swift; path = SceneDelegate.swift; sourceTree = "<group>"; };
		7F2AF7302A2EF4EE00E8D2A1 /* MainViewController.swift */ = {isa = PBXFileReference; lastKnownFileType = sourcecode.swift; path = MainViewController.swift; sourceTree = "<group>"; };
		7F2AF7332A2EF4EE00E8D2A1 /* Base */ = {isa = PBXFileReference; lastKnownFileType = file.storyboard; name = Base; path = Base.lproj/Main.storyboard; sourceTree = "<group>"; };
		7F2AF7352A2EF4F100E8D2A1 /* Assets.xcassets */ = {isa = PBXFileReference; lastKnownFileType = folder.assetcatalog; path = Assets.xcassets; sourceTree = "<group>"; };
		7F2AF7382A2EF4F100E8D2A1 /* Base */ = {isa = PBXFileReference; lastKnownFileType = file.storyboard; name = Base; path = Base.lproj/LaunchScreen.storyboard; sourceTree = "<group>"; };
		7F2AF73A2A2EF4F100E8D2A1 /* Info.plist */ = {isa = PBXFileReference; lastKnownFileType = text.plist.xml; path = Info.plist; sourceTree = "<group>"; };
		7F2AF74A2A2EF8E100E8D2A1 /* ShopData.swift */ = {isa = PBXFileReference; lastKnownFileType = sourcecode.swift; path = ShopData.swift; sourceTree = "<group>"; };
		7F2AF74C2A2EFC5B00E8D2A1 /* GenericAPIClient.swift */ = {isa = PBXFileReference; lastKnownFileType = sourcecode.swift; path = GenericAPIClient.swift; sourceTree = "<group>"; };
		7F2AF74E2A2F081000E8D2A1 /* ShopDetail.storyboard */ = {isa = PBXFileReference; lastKnownFileType = file.storyboard; path = ShopDetail.storyboard; sourceTree = "<group>"; };
		7F2AF7502A2F083F00E8D2A1 /* ShopDetailViewController.swift */ = {isa = PBXFileReference; lastKnownFileType = sourcecode.swift; path = ShopDetailViewController.swift; sourceTree = "<group>"; };
		7F2AF7542A2F9ED200E8D2A1 /* ShopDetailTableViewCell.swift */ = {isa = PBXFileReference; lastKnownFileType = sourcecode.swift; path = ShopDetailTableViewCell.swift; sourceTree = "<group>"; };
		7F2AF7552A2F9ED200E8D2A1 /* ShopDetailTableViewCell.xib */ = {isa = PBXFileReference; lastKnownFileType = file.xib; path = ShopDetailTableViewCell.xib; sourceTree = "<group>"; };
		7F2AF7582A2FA29400E8D2A1 /* SearchShopResult.storyboard */ = {isa = PBXFileReference; lastKnownFileType = file.storyboard; path = SearchShopResult.storyboard; sourceTree = "<group>"; };
		7F2AF75A2A2FA2CB00E8D2A1 /* SearchShopResultViewController.swift */ = {isa = PBXFileReference; lastKnownFileType = sourcecode.swift; path = SearchShopResultViewController.swift; sourceTree = "<group>"; };
		7F2AF75C2A2FA2FC00E8D2A1 /* SearchShopResultTableViewCell.swift */ = {isa = PBXFileReference; lastKnownFileType = sourcecode.swift; path = SearchShopResultTableViewCell.swift; sourceTree = "<group>"; };
		7F2AF75D2A2FA2FC00E8D2A1 /* SearchShopResultTableViewCell.xib */ = {isa = PBXFileReference; lastKnownFileType = file.xib; path = SearchShopResultTableViewCell.xib; sourceTree = "<group>"; };
		7F42FA432A347F22002B0B0A /* TabBarViewController.swift */ = {isa = PBXFileReference; lastKnownFileType = sourcecode.swift; path = TabBarViewController.swift; sourceTree = "<group>"; };
		7F42FA452A34FA2E002B0B0A /* Genre.storyboard */ = {isa = PBXFileReference; lastKnownFileType = file.storyboard; path = Genre.storyboard; sourceTree = "<group>"; };
		7F42FA472A34FA5B002B0B0A /* GenreViewController.swift */ = {isa = PBXFileReference; lastKnownFileType = sourcecode.swift; path = GenreViewController.swift; sourceTree = "<group>"; };
		7F42FA492A3509A1002B0B0A /* GenreTableViewCell.swift */ = {isa = PBXFileReference; lastKnownFileType = sourcecode.swift; path = GenreTableViewCell.swift; sourceTree = "<group>"; };
		7F42FA4A2A3509A1002B0B0A /* GenreTableViewCell.xib */ = {isa = PBXFileReference; lastKnownFileType = file.xib; path = GenreTableViewCell.xib; sourceTree = "<group>"; };
		7F42FA552A383946002B0B0A /* ProfileView.swift */ = {isa = PBXFileReference; lastKnownFileType = sourcecode.swift; path = ProfileView.swift; sourceTree = "<group>"; };
		7F42FA582A383A9D002B0B0A /* ProfileViewController.swift */ = {isa = PBXFileReference; lastKnownFileType = sourcecode.swift; path = ProfileViewController.swift; sourceTree = "<group>"; };
		7F4BEBBD2A30546500955A20 /* PopupImage.storyboard */ = {isa = PBXFileReference; lastKnownFileType = file.storyboard; path = PopupImage.storyboard; sourceTree = "<group>"; };
		7F4BEBBF2A3061C300955A20 /* PopupImageViewController.swift */ = {isa = PBXFileReference; lastKnownFileType = sourcecode.swift; path = PopupImageViewController.swift; sourceTree = "<group>"; };
		7F4BEBC62A31012200955A20 /* CommonExt.swift */ = {isa = PBXFileReference; lastKnownFileType = sourcecode.swift; path = CommonExt.swift; sourceTree = "<group>"; };
		7F4BEBCA2A31644000955A20 /* UIAlertController.swift */ = {isa = PBXFileReference; lastKnownFileType = sourcecode.swift; path = UIAlertController.swift; sourceTree = "<group>"; };
		7F4BEC102A32F3DA00955A20 /* SearchShopViewController.swift */ = {isa = PBXFileReference; lastKnownFileType = sourcecode.swift; path = SearchShopViewController.swift; sourceTree = "<group>"; };
		7F4BEC142A33886500955A20 /* CustomAnnotation.swift */ = {isa = PBXFileReference; lastKnownFileType = sourcecode.swift; path = CustomAnnotation.swift; sourceTree = "<group>"; };
		7F5F3F3D2A396053003108BB /* ProfileData.swift */ = {isa = PBXFileReference; lastKnownFileType = sourcecode.swift; path = ProfileData.swift; sourceTree = "<group>"; };
		7F5F3F412A39869E003108BB /* ImageCoverCollectionViewCell.swift */ = {isa = PBXFileReference; lastKnownFileType = sourcecode.swift; path = ImageCoverCollectionViewCell.swift; sourceTree = "<group>"; };
		7F5F3F752A3ADCFA003108BB /* GenreData.swift */ = {isa = PBXFileReference; lastKnownFileType = sourcecode.swift; path = GenreData.swift; sourceTree = "<group>"; };
		7F5F3F772A3AFAE7003108BB /* ShopAreaData.swift */ = {isa = PBXFileReference; lastKnownFileType = sourcecode.swift; path = ShopAreaData.swift; sourceTree = "<group>"; };
/* End PBXFileReference section */

/* Begin PBXFrameworksBuildPhase section */
		7F2AF7262A2EF4EE00E8D2A1 /* Frameworks */ = {
			isa = PBXFrameworksBuildPhase;
			buildActionMask = 2147483647;
			files = (
				7F2AF7462A2EF6CE00E8D2A1 /* Alamofire in Frameworks */,
				5215E9402A3F1AE800498CF3 /* SwiftyGif in Frameworks */,
			);
			runOnlyForDeploymentPostprocessing = 0;
		};
/* End PBXFrameworksBuildPhase section */

/* Begin PBXGroup section */
		5215E9392A3F19C200498CF3 /* Splash */ = {
			isa = PBXGroup;
			children = (
				5215E93A2A3F19E800498CF3 /* LaunchViewController.swift */,
			);
			path = Splash;
			sourceTree = "<group>";
		};
		7F2AF7202A2EF4EE00E8D2A1 = {
			isa = PBXGroup;
			children = (
				7F2AF72B2A2EF4EE00E8D2A1 /* RestaurantSearcher */,
				7F2AF72A2A2EF4EE00E8D2A1 /* Products */,
			);
			sourceTree = "<group>";
		};
		7F2AF72A2A2EF4EE00E8D2A1 /* Products */ = {
			isa = PBXGroup;
			children = (
				7F2AF7292A2EF4EE00E8D2A1 /* RestaurantSearcher.app */,
			);
			name = Products;
			sourceTree = "<group>";
		};
		7F2AF72B2A2EF4EE00E8D2A1 /* RestaurantSearcher */ = {
			isa = PBXGroup;
			children = (
				7F4BEBC52A31010E00955A20 /* utils */,
				7F2AF72C2A2EF4EE00E8D2A1 /* AppDelegate.swift */,
				7F2AF72E2A2EF4EE00E8D2A1 /* SceneDelegate.swift */,
				7F4BEBC22A30FD9A00955A20 /* Extension */,
				7F4BEBC12A30F66700955A20 /* Server */,
				7F2AF7432A2EF55600E8D2A1 /* Cell */,
				7F2AF7422A2EF53800E8D2A1 /* Model */,
				7F2AF7412A2EF52E00E8D2A1 /* ViewController */,
				7F42FA572A383A52002B0B0A /* SwiftUIViews */,
				7F2AF7402A2EF52600E8D2A1 /* Storyboard */,
				7F2AF7352A2EF4F100E8D2A1 /* Assets.xcassets */,
				5215E93C2A3F1A4500498CF3 /* logoAnimation.gif */,
				7F2AF7372A2EF4F100E8D2A1 /* LaunchScreen.storyboard */,
				7F2AF73A2A2EF4F100E8D2A1 /* Info.plist */,
			);
			path = RestaurantSearcher;
			sourceTree = "<group>";
		};
		7F2AF7402A2EF52600E8D2A1 /* Storyboard */ = {
			isa = PBXGroup;
			children = (
				7F2AF7322A2EF4EE00E8D2A1 /* Main.storyboard */,
				7F2AF74E2A2F081000E8D2A1 /* ShopDetail.storyboard */,
				7F2AF7582A2FA29400E8D2A1 /* SearchShopResult.storyboard */,
				7F4BEBBD2A30546500955A20 /* PopupImage.storyboard */,
				7F42FA452A34FA2E002B0B0A /* Genre.storyboard */,
				5215E9372A3F195600498CF3 /* Splash.storyboard */,
			);
			path = Storyboard;
			sourceTree = "<group>";
		};
		7F2AF7412A2EF52E00E8D2A1 /* ViewController */ = {
			isa = PBXGroup;
			children = (
				5215E9392A3F19C200498CF3 /* Splash */,
				7F2AF7302A2EF4EE00E8D2A1 /* MainViewController.swift */,
				7F2AF7502A2F083F00E8D2A1 /* ShopDetailViewController.swift */,
				7F2AF75A2A2FA2CB00E8D2A1 /* SearchShopResultViewController.swift */,
				7F4BEBBF2A3061C300955A20 /* PopupImageViewController.swift */,
				7F4BEC102A32F3DA00955A20 /* SearchShopViewController.swift */,
				7F42FA432A347F22002B0B0A /* TabBarViewController.swift */,
				7F42FA472A34FA5B002B0B0A /* GenreViewController.swift */,
				7F42FA582A383A9D002B0B0A /* ProfileViewController.swift */,
			);
			path = ViewController;
			sourceTree = "<group>";
		};
		7F2AF7422A2EF53800E8D2A1 /* Model */ = {
			isa = PBXGroup;
			children = (
				7F2AF74A2A2EF8E100E8D2A1 /* ShopData.swift */,
				7F5F3F752A3ADCFA003108BB /* GenreData.swift */,
				7F5F3F772A3AFAE7003108BB /* ShopAreaData.swift */,
				7F4BEC142A33886500955A20 /* CustomAnnotation.swift */,
				7F5F3F3D2A396053003108BB /* ProfileData.swift */,
			);
			path = Model;
			sourceTree = "<group>";
		};
		7F2AF7432A2EF55600E8D2A1 /* Cell */ = {
			isa = PBXGroup;
			children = (
				7F2AF7542A2F9ED200E8D2A1 /* ShopDetailTableViewCell.swift */,
				7F2AF7552A2F9ED200E8D2A1 /* ShopDetailTableViewCell.xib */,
				7F2AF75C2A2FA2FC00E8D2A1 /* SearchShopResultTableViewCell.swift */,
				7F2AF75D2A2FA2FC00E8D2A1 /* SearchShopResultTableViewCell.xib */,
				7F42FA492A3509A1002B0B0A /* GenreTableViewCell.swift */,
				7F42FA4A2A3509A1002B0B0A /* GenreTableViewCell.xib */,
				7F5F3F412A39869E003108BB /* ImageCoverCollectionViewCell.swift */,
			);
			path = Cell;
			sourceTree = "<group>";
		};
		7F42FA572A383A52002B0B0A /* SwiftUIViews */ = {
			isa = PBXGroup;
			children = (
				7F42FA552A383946002B0B0A /* ProfileView.swift */,
			);
			path = SwiftUIViews;
			sourceTree = "<group>";
		};
		7F4BEBC12A30F66700955A20 /* Server */ = {
			isa = PBXGroup;
			children = (
				7F2AF74C2A2EFC5B00E8D2A1 /* GenericAPIClient.swift */,
			);
			path = Server;
			sourceTree = "<group>";
		};
		7F4BEBC22A30FD9A00955A20 /* Extension */ = {
			isa = PBXGroup;
			children = (
				7F4BEBCA2A31644000955A20 /* UIAlertController.swift */,
				5215E9412A3F1B1600498CF3 /* UIView+Constraints.swift */,
				5215E9432A3F1B2F00498CF3 /* LogoAnimationView.swift */,
			);
			path = Extension;
			sourceTree = "<group>";
		};
		7F4BEBC52A31010E00955A20 /* utils */ = {
			isa = PBXGroup;
			children = (
				7F4BEBC62A31012200955A20 /* CommonExt.swift */,
			);
			path = utils;
			sourceTree = "<group>";
		};
/* End PBXGroup section */

/* Begin PBXNativeTarget section */
		7F2AF7282A2EF4EE00E8D2A1 /* RestaurantSearcher */ = {
			isa = PBXNativeTarget;
			buildConfigurationList = 7F2AF73D2A2EF4F100E8D2A1 /* Build configuration list for PBXNativeTarget "RestaurantSearcher" */;
			buildPhases = (
				7F2AF7252A2EF4EE00E8D2A1 /* Sources */,
				7F2AF7262A2EF4EE00E8D2A1 /* Frameworks */,
				7F2AF7272A2EF4EE00E8D2A1 /* Resources */,
			);
			buildRules = (
			);
			dependencies = (
			);
			name = RestaurantSearcher;
			packageProductDependencies = (
				7F2AF7452A2EF6CE00E8D2A1 /* Alamofire */,
				5215E93F2A3F1AE800498CF3 /* SwiftyGif */,
			);
			productName = RestaurantSearcher;
			productReference = 7F2AF7292A2EF4EE00E8D2A1 /* RestaurantSearcher.app */;
			productType = "com.apple.product-type.application";
		};
/* End PBXNativeTarget section */

/* Begin PBXProject section */
		7F2AF7212A2EF4EE00E8D2A1 /* Project object */ = {
			isa = PBXProject;
			attributes = {
				BuildIndependentTargetsInParallel = 1;
				LastSwiftUpdateCheck = 1430;
				LastUpgradeCheck = 1430;
				TargetAttributes = {
					7F2AF7282A2EF4EE00E8D2A1 = {
						CreatedOnToolsVersion = 14.3;
					};
				};
			};
			buildConfigurationList = 7F2AF7242A2EF4EE00E8D2A1 /* Build configuration list for PBXProject "RestaurantSearcher" */;
			compatibilityVersion = "Xcode 14.0";
			developmentRegion = en;
			hasScannedForEncodings = 0;
			knownRegions = (
				en,
				Base,
			);
			mainGroup = 7F2AF7202A2EF4EE00E8D2A1;
			packageReferences = (
				7F2AF7442A2EF6CE00E8D2A1 /* XCRemoteSwiftPackageReference "Alamofire" */,
				7F2AF7472A2EF84000E8D2A1 /* XCRemoteSwiftPackageReference "Nuke" */,
				5215E93E2A3F1AE800498CF3 /* XCRemoteSwiftPackageReference "SwiftyGif" */,
			);
			productRefGroup = 7F2AF72A2A2EF4EE00E8D2A1 /* Products */;
			projectDirPath = "";
			projectRoot = "";
			targets = (
				7F2AF7282A2EF4EE00E8D2A1 /* RestaurantSearcher */,
			);
		};
/* End PBXProject section */

/* Begin PBXResourcesBuildPhase section */
		7F2AF7272A2EF4EE00E8D2A1 /* Resources */ = {
			isa = PBXResourcesBuildPhase;
			buildActionMask = 2147483647;
			files = (
				7F2AF75F2A2FA2FC00E8D2A1 /* SearchShopResultTableViewCell.xib in Resources */,
				7F2AF7392A2EF4F100E8D2A1 /* LaunchScreen.storyboard in Resources */,
				7F2AF74F2A2F081000E8D2A1 /* ShopDetail.storyboard in Resources */,
				7F4BEBBE2A30546500955A20 /* PopupImage.storyboard in Resources */,
				7F42FA462A34FA2E002B0B0A /* Genre.storyboard in Resources */,
				7F2AF7572A2F9ED200E8D2A1 /* ShopDetailTableViewCell.xib in Resources */,
				7F2AF7362A2EF4F100E8D2A1 /* Assets.xcassets in Resources */,
				7F42FA4C2A3509A1002B0B0A /* GenreTableViewCell.xib in Resources */,
				7F2AF7342A2EF4EE00E8D2A1 /* Main.storyboard in Resources */,
				5215E9382A3F195600498CF3 /* Splash.storyboard in Resources */,
				5215E93D2A3F1A4500498CF3 /* logoAnimation.gif in Resources */,
				7F2AF7592A2FA29400E8D2A1 /* SearchShopResult.storyboard in Resources */,
			);
			runOnlyForDeploymentPostprocessing = 0;
		};
/* End PBXResourcesBuildPhase section */

/* Begin PBXSourcesBuildPhase section */
		7F2AF7252A2EF4EE00E8D2A1 /* Sources */ = {
			isa = PBXSourcesBuildPhase;
			buildActionMask = 2147483647;
			files = (
				7F42FA442A347F22002B0B0A /* TabBarViewController.swift in Sources */,
				7F2AF7312A2EF4EE00E8D2A1 /* MainViewController.swift in Sources */,
				5215E9442A3F1B2F00498CF3 /* LogoAnimationView.swift in Sources */,
				7F5F3F3E2A396053003108BB /* ProfileData.swift in Sources */,
				5215E9422A3F1B1600498CF3 /* UIView+Constraints.swift in Sources */,
				7F42FA592A383A9D002B0B0A /* ProfileViewController.swift in Sources */,
				7F42FA562A383946002B0B0A /* ProfileView.swift in Sources */,
				7F2AF74B2A2EF8E100E8D2A1 /* ShopData.swift in Sources */,
				7F4BEC152A33886600955A20 /* CustomAnnotation.swift in Sources */,
				7F2AF7562A2F9ED200E8D2A1 /* ShopDetailTableViewCell.swift in Sources */,
				7F2AF75E2A2FA2FC00E8D2A1 /* SearchShopResultTableViewCell.swift in Sources */,
				7F4BEBC72A31012200955A20 /* CommonExt.swift in Sources */,
				7F5F3F432A39869E003108BB /* ImageCoverCollectionViewCell.swift in Sources */,
				7F2AF72D2A2EF4EE00E8D2A1 /* AppDelegate.swift in Sources */,
				7F2AF72F2A2EF4EE00E8D2A1 /* SceneDelegate.swift in Sources */,
				7F42FA482A34FA5B002B0B0A /* GenreViewController.swift in Sources */,
				7F2AF75B2A2FA2CB00E8D2A1 /* SearchShopResultViewController.swift in Sources */,
				5215E93B2A3F19E800498CF3 /* LaunchViewController.swift in Sources */,
				7F2AF74D2A2EFC5B00E8D2A1 /* GenericAPIClient.swift in Sources */,
				7F4BEC112A32F3DA00955A20 /* SearchShopViewController.swift in Sources */,
				7F5F3F762A3ADCFA003108BB /* GenreData.swift in Sources */,
				7F2AF7512A2F083F00E8D2A1 /* ShopDetailViewController.swift in Sources */,
				7F5F3F782A3AFAE7003108BB /* ShopAreaData.swift in Sources */,
				7F4BEBC02A3061C300955A20 /* PopupImageViewController.swift in Sources */,
				7F4BEBCB2A31644000955A20 /* UIAlertController.swift in Sources */,
				7F42FA4B2A3509A1002B0B0A /* GenreTableViewCell.swift in Sources */,
			);
			runOnlyForDeploymentPostprocessing = 0;
		};
/* End PBXSourcesBuildPhase section */

/* Begin PBXVariantGroup section */
		7F2AF7322A2EF4EE00E8D2A1 /* Main.storyboard */ = {
			isa = PBXVariantGroup;
			children = (
				7F2AF7332A2EF4EE00E8D2A1 /* Base */,
			);
			name = Main.storyboard;
			sourceTree = "<group>";
		};
		7F2AF7372A2EF4F100E8D2A1 /* LaunchScreen.storyboard */ = {
			isa = PBXVariantGroup;
			children = (
				7F2AF7382A2EF4F100E8D2A1 /* Base */,
			);
			name = LaunchScreen.storyboard;
			sourceTree = "<group>";
		};
/* End PBXVariantGroup section */

/* Begin XCBuildConfiguration section */
		7F2AF73B2A2EF4F100E8D2A1 /* Debug */ = {
			isa = XCBuildConfiguration;
			buildSettings = {
				ALWAYS_SEARCH_USER_PATHS = NO;
				CLANG_ANALYZER_NONNULL = YES;
				CLANG_ANALYZER_NUMBER_OBJECT_CONVERSION = YES_AGGRESSIVE;
				CLANG_CXX_LANGUAGE_STANDARD = "gnu++20";
				CLANG_ENABLE_MODULES = YES;
				CLANG_ENABLE_OBJC_ARC = YES;
				CLANG_ENABLE_OBJC_WEAK = YES;
				CLANG_WARN_BLOCK_CAPTURE_AUTORELEASING = YES;
				CLANG_WARN_BOOL_CONVERSION = YES;
				CLANG_WARN_COMMA = YES;
				CLANG_WARN_CONSTANT_CONVERSION = YES;
				CLANG_WARN_DEPRECATED_OBJC_IMPLEMENTATIONS = YES;
				CLANG_WARN_DIRECT_OBJC_ISA_USAGE = YES_ERROR;
				CLANG_WARN_DOCUMENTATION_COMMENTS = YES;
				CLANG_WARN_EMPTY_BODY = YES;
				CLANG_WARN_ENUM_CONVERSION = YES;
				CLANG_WARN_INFINITE_RECURSION = YES;
				CLANG_WARN_INT_CONVERSION = YES;
				CLANG_WARN_NON_LITERAL_NULL_CONVERSION = YES;
				CLANG_WARN_OBJC_IMPLICIT_RETAIN_SELF = YES;
				CLANG_WARN_OBJC_LITERAL_CONVERSION = YES;
				CLANG_WARN_OBJC_ROOT_CLASS = YES_ERROR;
				CLANG_WARN_QUOTED_INCLUDE_IN_FRAMEWORK_HEADER = YES;
				CLANG_WARN_RANGE_LOOP_ANALYSIS = YES;
				CLANG_WARN_STRICT_PROTOTYPES = YES;
				CLANG_WARN_SUSPICIOUS_MOVE = YES;
				CLANG_WARN_UNGUARDED_AVAILABILITY = YES_AGGRESSIVE;
				CLANG_WARN_UNREACHABLE_CODE = YES;
				CLANG_WARN__DUPLICATE_METHOD_MATCH = YES;
				COPY_PHASE_STRIP = NO;
				DEBUG_INFORMATION_FORMAT = dwarf;
				ENABLE_STRICT_OBJC_MSGSEND = YES;
				ENABLE_TESTABILITY = YES;
				GCC_C_LANGUAGE_STANDARD = gnu11;
				GCC_DYNAMIC_NO_PIC = NO;
				GCC_NO_COMMON_BLOCKS = YES;
				GCC_OPTIMIZATION_LEVEL = 0;
				GCC_PREPROCESSOR_DEFINITIONS = (
					"DEBUG=1",
					"$(inherited)",
				);
				GCC_WARN_64_TO_32_BIT_CONVERSION = YES;
				GCC_WARN_ABOUT_RETURN_TYPE = YES_ERROR;
				GCC_WARN_UNDECLARED_SELECTOR = YES;
				GCC_WARN_UNINITIALIZED_AUTOS = YES_AGGRESSIVE;
				GCC_WARN_UNUSED_FUNCTION = YES;
				GCC_WARN_UNUSED_VARIABLE = YES;
				IPHONEOS_DEPLOYMENT_TARGET = 16.0;
				MTL_ENABLE_DEBUG_INFO = INCLUDE_SOURCE;
				MTL_FAST_MATH = YES;
				ONLY_ACTIVE_ARCH = YES;
				SDKROOT = iphoneos;
				SWIFT_ACTIVE_COMPILATION_CONDITIONS = DEBUG;
				SWIFT_OPTIMIZATION_LEVEL = "-Onone";
			};
			name = Debug;
		};
		7F2AF73C2A2EF4F100E8D2A1 /* Release */ = {
			isa = XCBuildConfiguration;
			buildSettings = {
				ALWAYS_SEARCH_USER_PATHS = NO;
				CLANG_ANALYZER_NONNULL = YES;
				CLANG_ANALYZER_NUMBER_OBJECT_CONVERSION = YES_AGGRESSIVE;
				CLANG_CXX_LANGUAGE_STANDARD = "gnu++20";
				CLANG_ENABLE_MODULES = YES;
				CLANG_ENABLE_OBJC_ARC = YES;
				CLANG_ENABLE_OBJC_WEAK = YES;
				CLANG_WARN_BLOCK_CAPTURE_AUTORELEASING = YES;
				CLANG_WARN_BOOL_CONVERSION = YES;
				CLANG_WARN_COMMA = YES;
				CLANG_WARN_CONSTANT_CONVERSION = YES;
				CLANG_WARN_DEPRECATED_OBJC_IMPLEMENTATIONS = YES;
				CLANG_WARN_DIRECT_OBJC_ISA_USAGE = YES_ERROR;
				CLANG_WARN_DOCUMENTATION_COMMENTS = YES;
				CLANG_WARN_EMPTY_BODY = YES;
				CLANG_WARN_ENUM_CONVERSION = YES;
				CLANG_WARN_INFINITE_RECURSION = YES;
				CLANG_WARN_INT_CONVERSION = YES;
				CLANG_WARN_NON_LITERAL_NULL_CONVERSION = YES;
				CLANG_WARN_OBJC_IMPLICIT_RETAIN_SELF = YES;
				CLANG_WARN_OBJC_LITERAL_CONVERSION = YES;
				CLANG_WARN_OBJC_ROOT_CLASS = YES_ERROR;
				CLANG_WARN_QUOTED_INCLUDE_IN_FRAMEWORK_HEADER = YES;
				CLANG_WARN_RANGE_LOOP_ANALYSIS = YES;
				CLANG_WARN_STRICT_PROTOTYPES = YES;
				CLANG_WARN_SUSPICIOUS_MOVE = YES;
				CLANG_WARN_UNGUARDED_AVAILABILITY = YES_AGGRESSIVE;
				CLANG_WARN_UNREACHABLE_CODE = YES;
				CLANG_WARN__DUPLICATE_METHOD_MATCH = YES;
				COPY_PHASE_STRIP = NO;
				DEBUG_INFORMATION_FORMAT = "dwarf-with-dsym";
				ENABLE_NS_ASSERTIONS = NO;
				ENABLE_STRICT_OBJC_MSGSEND = YES;
				GCC_C_LANGUAGE_STANDARD = gnu11;
				GCC_NO_COMMON_BLOCKS = YES;
				GCC_WARN_64_TO_32_BIT_CONVERSION = YES;
				GCC_WARN_ABOUT_RETURN_TYPE = YES_ERROR;
				GCC_WARN_UNDECLARED_SELECTOR = YES;
				GCC_WARN_UNINITIALIZED_AUTOS = YES_AGGRESSIVE;
				GCC_WARN_UNUSED_FUNCTION = YES;
				GCC_WARN_UNUSED_VARIABLE = YES;
				IPHONEOS_DEPLOYMENT_TARGET = 16.0;
				MTL_ENABLE_DEBUG_INFO = NO;
				MTL_FAST_MATH = YES;
				SDKROOT = iphoneos;
				SWIFT_COMPILATION_MODE = wholemodule;
				SWIFT_OPTIMIZATION_LEVEL = "-O";
				VALIDATE_PRODUCT = YES;
			};
			name = Release;
		};
		7F2AF73E2A2EF4F100E8D2A1 /* Debug */ = {
			isa = XCBuildConfiguration;
			buildSettings = {
				ASSETCATALOG_COMPILER_APPICON_NAME = AppIcon;
				ASSETCATALOG_COMPILER_GLOBAL_ACCENT_COLOR_NAME = AccentColor;
				CODE_SIGN_STYLE = Automatic;
				CURRENT_PROJECT_VERSION = 1;
				DEVELOPMENT_TEAM = AZ58662R7A;
				GENERATE_INFOPLIST_FILE = YES;
				INFOPLIST_FILE = RestaurantSearcher/Info.plist;
				INFOPLIST_KEY_CFBundleDisplayName = "";
				INFOPLIST_KEY_LSApplicationCategoryType = "";
				INFOPLIST_KEY_NSLocationWhenInUseUsageDescription = "位置情報を使用してよろしいでしょうか？";
				INFOPLIST_KEY_UIApplicationSupportsIndirectInputEvents = YES;
				INFOPLIST_KEY_UILaunchStoryboardName = LaunchScreen;
				INFOPLIST_KEY_UIMainStoryboardFile = Main;
				INFOPLIST_KEY_UISupportedInterfaceOrientations = UIInterfaceOrientationPortrait;
				INFOPLIST_KEY_UISupportedInterfaceOrientations_iPad = "UIInterfaceOrientationLandscapeLeft UIInterfaceOrientationLandscapeRight";
				IPHONEOS_DEPLOYMENT_TARGET = 16.0;
				LD_RUNPATH_SEARCH_PATHS = (
					"$(inherited)",
					"@executable_path/Frameworks",
				);
				MARKETING_VERSION = 1.0;
				PRODUCT_BUNDLE_IDENTIFIER = com.thidarphyo.RestaurantSearcher;
				PRODUCT_NAME = "$(TARGET_NAME)";
				SWIFT_EMIT_LOC_STRINGS = YES;
				SWIFT_VERSION = 5.0;
				TARGETED_DEVICE_FAMILY = "1,2";
			};
			name = Debug;
		};
		7F2AF73F2A2EF4F100E8D2A1 /* Release */ = {
			isa = XCBuildConfiguration;
			buildSettings = {
				ASSETCATALOG_COMPILER_APPICON_NAME = AppIcon;
				ASSETCATALOG_COMPILER_GLOBAL_ACCENT_COLOR_NAME = AccentColor;
				CODE_SIGN_STYLE = Automatic;
				CURRENT_PROJECT_VERSION = 1;
				DEVELOPMENT_TEAM = AZ58662R7A;
				GENERATE_INFOPLIST_FILE = YES;
				INFOPLIST_FILE = RestaurantSearcher/Info.plist;
				INFOPLIST_KEY_CFBundleDisplayName = "";
				INFOPLIST_KEY_LSApplicationCategoryType = "";
				INFOPLIST_KEY_NSLocationWhenInUseUsageDescription = "位置情報を使用してよろしいでしょうか？";
				INFOPLIST_KEY_UIApplicationSupportsIndirectInputEvents = YES;
				INFOPLIST_KEY_UILaunchStoryboardName = LaunchScreen;
				INFOPLIST_KEY_UIMainStoryboardFile = Main;
				INFOPLIST_KEY_UISupportedInterfaceOrientations = UIInterfaceOrientationPortrait;
				INFOPLIST_KEY_UISupportedInterfaceOrientations_iPad = "UIInterfaceOrientationLandscapeLeft UIInterfaceOrientationLandscapeRight";
				IPHONEOS_DEPLOYMENT_TARGET = 16.0;
				LD_RUNPATH_SEARCH_PATHS = (
					"$(inherited)",
					"@executable_path/Frameworks",
				);
				MARKETING_VERSION = 1.0;
				PRODUCT_BUNDLE_IDENTIFIER = com.thidarphyo.RestaurantSearcher;
				PRODUCT_NAME = "$(TARGET_NAME)";
				SWIFT_EMIT_LOC_STRINGS = YES;
				SWIFT_VERSION = 5.0;
				TARGETED_DEVICE_FAMILY = "1,2";
			};
			name = Release;
		};
/* End XCBuildConfiguration section */

/* Begin XCConfigurationList section */
		7F2AF7242A2EF4EE00E8D2A1 /* Build configuration list for PBXProject "RestaurantSearcher" */ = {
			isa = XCConfigurationList;
			buildConfigurations = (
				7F2AF73B2A2EF4F100E8D2A1 /* Debug */,
				7F2AF73C2A2EF4F100E8D2A1 /* Release */,
			);
			defaultConfigurationIsVisible = 0;
			defaultConfigurationName = Release;
		};
		7F2AF73D2A2EF4F100E8D2A1 /* Build configuration list for PBXNativeTarget "RestaurantSearcher" */ = {
			isa = XCConfigurationList;
			buildConfigurations = (
				7F2AF73E2A2EF4F100E8D2A1 /* Debug */,
				7F2AF73F2A2EF4F100E8D2A1 /* Release */,
			);
			defaultConfigurationIsVisible = 0;
			defaultConfigurationName = Release;
		};
/* End XCConfigurationList section */

/* Begin XCRemoteSwiftPackageReference section */
		5215E93E2A3F1AE800498CF3 /* XCRemoteSwiftPackageReference "SwiftyGif" */ = {
			isa = XCRemoteSwiftPackageReference;
			repositoryURL = "https://github.com/kirualex/SwiftyGif.git";
			requirement = {
				kind = upToNextMajorVersion;
				minimumVersion = 5.0.0;
			};
		};
		7F2AF7442A2EF6CE00E8D2A1 /* XCRemoteSwiftPackageReference "Alamofire" */ = {
			isa = XCRemoteSwiftPackageReference;
			repositoryURL = "https://github.com/Alamofire/Alamofire.git";
			requirement = {
				kind = upToNextMajorVersion;
				minimumVersion = 5.0.0;
			};
		};
		7F2AF7472A2EF84000E8D2A1 /* XCRemoteSwiftPackageReference "Nuke" */ = {
			isa = XCRemoteSwiftPackageReference;
			repositoryURL = "https://github.com/kean/Nuke.git";
			requirement = {
				kind = upToNextMajorVersion;
				minimumVersion = 12.0.0;
			};
		};
/* End XCRemoteSwiftPackageReference section */

/* Begin XCSwiftPackageProductDependency section */
		5215E93F2A3F1AE800498CF3 /* SwiftyGif */ = {
			isa = XCSwiftPackageProductDependency;
			package = 5215E93E2A3F1AE800498CF3 /* XCRemoteSwiftPackageReference "SwiftyGif" */;
			productName = SwiftyGif;
		};
		7F2AF7452A2EF6CE00E8D2A1 /* Alamofire */ = {
			isa = XCSwiftPackageProductDependency;
			package = 7F2AF7442A2EF6CE00E8D2A1 /* XCRemoteSwiftPackageReference "Alamofire" */;
			productName = Alamofire;
		};
/* End XCSwiftPackageProductDependency section */
	};
	rootObject = 7F2AF7212A2EF4EE00E8D2A1 /* Project object */;
}
